
Microsoft Visual Studio Solution File, Format Version 12.00
# Visual Studio Version 17
VisualStudioVersion = 17.9.34728.123
MinimumVisualStudioVersion = 10.0.40219.1
Project("{FAE04EC0-301F-11D3-BF4B-00C04F79EFBC}") = "Kampanya Gönderme Programı", "Kampanya Gönderme Programı\Kampanya Gönderme Programı.csproj", "{FB31BB49-4860-4603-858F-746D20680B51}"
EndProject
Global
	GlobalSection(SolutionConfigurationPlatforms) = preSolution
		Debug|Any CPU = Debug|Any CPU
		Release|Any CPU = Release|Any CPU
	EndGlobalSection
	GlobalSection(ProjectConfigurationPlatforms) = postSolution
		{FB31BB49-4860-4603-858F-746D20680B51}.Debug|Any CPU.ActiveCfg = Debug|Any CPU
		{FB31BB49-4860-4603-858F-746D20680B51}.Debug|Any CPU.Build.0 = Debug|Any CPU
		{FB31BB49-4860-4603-858F-746D20680B51}.Release|Any CPU.ActiveCfg = Release|Any CPU
		{FB31BB49-4860-4603-858F-746D20680B51}.Release|Any CPU.Build.0 = Release|Any CPU
	EndGlobalSection
	GlobalSection(SolutionProperties) = preSolution
		HideSolutionNode = FALSE
	EndGlobalSection
	GlobalSection(ExtensibilityGlobals) = postSolution
		SolutionGuid = {423293DA-70CA-4B2E-A1C0-226327453605}
	EndGlobalSection
EndGlobal
